
Microsoft Visual Studio Solution File, Format Version 12.00
# Visual Studio Version 16
VisualStudioVersion = 16.0.32126.315
MinimumVisualStudioVersion = 10.0.40219.1
Project("{FAE04EC0-301F-11D3-BF4B-00C04F79EFBC}") = "Words with Prefix", "Words with Prefix.csproj", "{55435C99-92A5-4C68-B96B-9184CE43392B}"
EndProject
Global
	GlobalSection(SolutionConfigurationPlatforms) = preSolution
		Debug|Any CPU = Debug|Any CPU
		Release|Any CPU = Release|Any CPU
	EndGlobalSection
	GlobalSection(ProjectConfigurationPlatforms) = postSolution
		{55435C99-92A5-4C68-B96B-9184CE43392B}.Debug|Any CPU.ActiveCfg = Debug|Any CPU
		{55435C99-92A5-4C68-B96B-9184CE43392B}.Debug|Any CPU.Build.0 = Debug|Any CPU
		{55435C99-92A5-4C68-B96B-9184CE43392B}.Release|Any CPU.ActiveCfg = Release|Any CPU
		{55435C99-92A5-4C68-B96B-9184CE43392B}.Release|Any CPU.Build.0 = Release|Any CPU
	EndGlobalSection
	GlobalSection(SolutionProperties) = preSolution
		HideSolutionNode = FALSE
	EndGlobalSection
	GlobalSection(ExtensibilityGlobals) = postSolution
		SolutionGuid = {E45C1359-FFE3-4119-92A1-A4D59D78BDBF}
	EndGlobalSection
EndGlobal
