
Microsoft Visual Studio Solution File, Format Version 12.00
# Visual Studio Version 17
VisualStudioVersion = 17.3.32819.101
MinimumVisualStudioVersion = 10.0.40219.1
Project("{FAE04EC0-301F-11D3-BF4B-00C04F79EFBC}") = "ASP_NET Core Introduction", "ASP_NET Core Introduction\ASP_NET Core Introduction.csproj", "{972668AE-7AD0-4CE9-9547-E9013B9AB5A7}"
EndProject
Global
	GlobalSection(SolutionConfigurationPlatforms) = preSolution
		Debug|Any CPU = Debug|Any CPU
		Release|Any CPU = Release|Any CPU
	EndGlobalSection
	GlobalSection(ProjectConfigurationPlatforms) = postSolution
		{972668AE-7AD0-4CE9-9547-E9013B9AB5A7}.Debug|Any CPU.ActiveCfg = Debug|Any CPU
		{972668AE-7AD0-4CE9-9547-E9013B9AB5A7}.Debug|Any CPU.Build.0 = Debug|Any CPU
		{972668AE-7AD0-4CE9-9547-E9013B9AB5A7}.Release|Any CPU.ActiveCfg = Release|Any CPU
		{972668AE-7AD0-4CE9-9547-E9013B9AB5A7}.Release|Any CPU.Build.0 = Release|Any CPU
	EndGlobalSection
	GlobalSection(SolutionProperties) = preSolution
		HideSolutionNode = FALSE
	EndGlobalSection
	GlobalSection(ExtensibilityGlobals) = postSolution
		SolutionGuid = {3EE51F12-FE10-4731-A09A-CF7F2421160E}
	EndGlobalSection
EndGlobal
